// !$*UTF8*$!
{
	archiveVersion = 1;
	classes = {
	};
	objectVersion = 56;
	objects = {

/* Begin PBXBuildFile section */
		6694B59F2A2F660E00DEDAC9 /* NavigationTutorialApp.swift in Sources */ = {isa = PBXBuildFile; fileRef = 6694B59E2A2F660E00DEDAC9 /* NavigationTutorialApp.swift */; };
		6694B5A12A2F660E00DEDAC9 /* Persistence.swift in Sources */ = {isa = PBXBuildFile; fileRef = 6694B5A02A2F660E00DEDAC9 /* Persistence.swift */; };
		6694B5A42A2F660E00DEDAC9 /* NavigationTutorial.xcdatamodeld in Sources */ = {isa = PBXBuildFile; fileRef = 6694B5A22A2F660E00DEDAC9 /* NavigationTutorial.xcdatamodeld */; };
		6694B5A62A2F660E00DEDAC9 /* ContentView.swift in Sources */ = {isa = PBXBuildFile; fileRef = 6694B5A52A2F660E00DEDAC9 /* ContentView.swift */; };
		6694B5A82A2F661000DEDAC9 /* Assets.xcassets in Resources */ = {isa = PBXBuildFile; fileRef = 6694B5A72A2F661000DEDAC9 /* Assets.xcassets */; };
		6694B5AC2A2F661000DEDAC9 /* Preview Assets.xcassets in Resources */ = {isa = PBXBuildFile; fileRef = 6694B5AB2A2F661000DEDAC9 /* Preview Assets.xcassets */; };
		6694B5B62A2F661100DEDAC9 /* NavigationTutorialTests.swift in Sources */ = {isa = PBXBuildFile; fileRef = 6694B5B52A2F661100DEDAC9 /* NavigationTutorialTests.swift */; };
		6694B5C02A2F661100DEDAC9 /* NavigationTutorialUITests.swift in Sources */ = {isa = PBXBuildFile; fileRef = 6694B5BF2A2F661100DEDAC9 /* NavigationTutorialUITests.swift */; };
		6694B5C22A2F661100DEDAC9 /* NavigationTutorialUITestsLaunchTests.swift in Sources */ = {isa = PBXBuildFile; fileRef = 6694B5C12A2F661100DEDAC9 /* NavigationTutorialUITestsLaunchTests.swift */; };
/* End PBXBuildFile section */

/* Begin PBXContainerItemProxy section */
		6694B5B22A2F661100DEDAC9 /* PBXContainerItemProxy */ = {
			isa = PBXContainerItemProxy;
			containerPortal = 6694B5932A2F660E00DEDAC9 /* Project object */;
			proxyType = 1;
			remoteGlobalIDString = 6694B59A2A2F660E00DEDAC9;
			remoteInfo = NavigationTutorial;
		};
		6694B5BC2A2F661100DEDAC9 /* PBXContainerItemProxy */ = {
			isa = PBXContainerItemProxy;
			containerPortal = 6694B5932A2F660E00DEDAC9 /* Project object */;
			proxyType = 1;
			remoteGlobalIDString = 6694B59A2A2F660E00DEDAC9;
			remoteInfo = NavigationTutorial;
		};
/* End PBXContainerItemProxy section */

/* Begin PBXFileReference section */
		6694B59B2A2F660E00DEDAC9 /* NavigationTutorial.app */ = {isa = PBXFileReference; explicitFileType = wrapper.application; includeInIndex = 0; path = NavigationTutorial.app; sourceTree = BUILT_PRODUCTS_DIR; };
		6694B59E2A2F660E00DEDAC9 /* NavigationTutorialApp.swift */ = {isa = PBXFileReference; lastKnownFileType = sourcecode.swift; path = NavigationTutorialApp.swift; sourceTree = "<group>"; };
		6694B5A02A2F660E00DEDAC9 /* Persistence.swift */ = {isa = PBXFileReference; lastKnownFileType = sourcecode.swift; path = Persistence.swift; sourceTree = "<group>"; };
		6694B5A32A2F660E00DEDAC9 /* NavigationTutorial.xcdatamodel */ = {isa = PBXFileReference; lastKnownFileType = wrapper.xcdatamodel; path = NavigationTutorial.xcdatamodel; sourceTree = "<group>"; };
		6694B5A52A2F660E00DEDAC9 /* ContentView.swift */ = {isa = PBXFileReference; lastKnownFileType = sourcecode.swift; path = ContentView.swift; sourceTree = "<group>"; };
		6694B5A72A2F661000DEDAC9 /* Assets.xcassets */ = {isa = PBXFileReference; lastKnownFileType = folder.assetcatalog; path = Assets.xcassets; sourceTree = "<group>"; };
		6694B5A92A2F661000DEDAC9 /* NavigationTutorial.entitlements */ = {isa = PBXFileReference; lastKnownFileType = text.plist.entitlements; path = NavigationTutorial.entitlements; sourceTree = "<group>"; };
		6694B5AB2A2F661000DEDAC9 /* Preview Assets.xcassets */ = {isa = PBXFileReference; lastKnownFileType = folder.assetcatalog; path = "Preview Assets.xcassets"; sourceTree = "<group>"; };
		6694B5B12A2F661100DEDAC9 /* NavigationTutorialTests.xctest */ = {isa = PBXFileReference; explicitFileType = wrapper.cfbundle; includeInIndex = 0; path = NavigationTutorialTests.xctest; sourceTree = BUILT_PRODUCTS_DIR; };
		6694B5B52A2F661100DEDAC9 /* NavigationTutorialTests.swift */ = {isa = PBXFileReference; lastKnownFileType = sourcecode.swift; path = NavigationTutorialTests.swift; sourceTree = "<group>"; };
		6694B5BB2A2F661100DEDAC9 /* NavigationTutorialUITests.xctest */ = {isa = PBXFileReference; explicitFileType = wrapper.cfbundle; includeInIndex = 0; path = NavigationTutorialUITests.xctest; sourceTree = BUILT_PRODUCTS_DIR; };
		6694B5BF2A2F661100DEDAC9 /* NavigationTutorialUITests.swift */ = {isa = PBXFileReference; lastKnownFileType = sourcecode.swift; path = NavigationTutorialUITests.swift; sourceTree = "<group>"; };
		6694B5C12A2F661100DEDAC9 /* NavigationTutorialUITestsLaunchTests.swift */ = {isa = PBXFileReference; lastKnownFileType = sourcecode.swift; path = NavigationTutorialUITestsLaunchTests.swift; sourceTree = "<group>"; };
/* End PBXFileReference section */

/* Begin PBXFrameworksBuildPhase section */
		6694B5982A2F660E00DEDAC9 /* Frameworks */ = {
			isa = PBXFrameworksBuildPhase;
			buildActionMask = 2147483647;
			files = (
			);
			runOnlyForDeploymentPostprocessing = 0;
		};
		6694B5AE2A2F661100DEDAC9 /* Frameworks */ = {
			isa = PBXFrameworksBuildPhase;
			buildActionMask = 2147483647;
			files = (
			);
			runOnlyForDeploymentPostprocessing = 0;
		};
		6694B5B82A2F661100DEDAC9 /* Frameworks */ = {
			isa = PBXFrameworksBuildPhase;
			buildActionMask = 2147483647;
			files = (
			);
			runOnlyForDeploymentPostprocessing = 0;
		};
/* End PBXFrameworksBuildPhase section */

/* Begin PBXGroup section */
		6694B5922A2F660E00DEDAC9 = {
			isa = PBXGroup;
			children = (
				6694B59D2A2F660E00DEDAC9 /* NavigationTutorial */,
				6694B5B42A2F661100DEDAC9 /* NavigationTutorialTests */,
				6694B5BE2A2F661100DEDAC9 /* NavigationTutorialUITests */,
				6694B59C2A2F660E00DEDAC9 /* Products */,
			);
			sourceTree = "<group>";
		};
		6694B59C2A2F660E00DEDAC9 /* Products */ = {
			isa = PBXGroup;
			children = (
				6694B59B2A2F660E00DEDAC9 /* NavigationTutorial.app */,
				6694B5B12A2F661100DEDAC9 /* NavigationTutorialTests.xctest */,
				6694B5BB2A2F661100DEDAC9 /* NavigationTutorialUITests.xctest */,
			);
			name = Products;
			sourceTree = "<group>";
		};
		6694B59D2A2F660E00DEDAC9 /* NavigationTutorial */ = {
			isa = PBXGroup;
			children = (
				6694B59E2A2F660E00DEDAC9 /* NavigationTutorialApp.swift */,
				6694B5A02A2F660E00DEDAC9 /* Persistence.swift */,
				6694B5A52A2F660E00DEDAC9 /* ContentView.swift */,
				6694B5A72A2F661000DEDAC9 /* Assets.xcassets */,
				6694B5A92A2F661000DEDAC9 /* NavigationTutorial.entitlements */,
				6694B5A22A2F660E00DEDAC9 /* NavigationTutorial.xcdatamodeld */,
				6694B5AA2A2F661000DEDAC9 /* Preview Content */,
			);
			path = NavigationTutorial;
			sourceTree = "<group>";
		};
		6694B5AA2A2F661000DEDAC9 /* Preview Content */ = {
			isa = PBXGroup;
			children = (
				6694B5AB2A2F661000DEDAC9 /* Preview Assets.xcassets */,
			);
			path = "Preview Content";
			sourceTree = "<group>";
		};
		6694B5B42A2F661100DEDAC9 /* NavigationTutorialTests */ = {
			isa = PBXGroup;
			children = (
				6694B5B52A2F661100DEDAC9 /* NavigationTutorialTests.swift */,
			);
			path = NavigationTutorialTests;
			sourceTree = "<group>";
		};
		6694B5BE2A2F661100DEDAC9 /* NavigationTutorialUITests */ = {
			isa = PBXGroup;
			children = (
				6694B5BF2A2F661100DEDAC9 /* NavigationTutorialUITests.swift */,
				6694B5C12A2F661100DEDAC9 /* NavigationTutorialUITestsLaunchTests.swift */,
			);
			path = NavigationTutorialUITests;
			sourceTree = "<group>";
		};
/* End PBXGroup section */

/* Begin PBXNativeTarget section */
		6694B59A2A2F660E00DEDAC9 /* NavigationTutorial */ = {
			isa = PBXNativeTarget;
			buildConfigurationList = 6694B5C52A2F661100DEDAC9 /* Build configuration list for PBXNativeTarget "NavigationTutorial" */;
			buildPhases = (
				6694B5972A2F660E00DEDAC9 /* Sources */,
				6694B5982A2F660E00DEDAC9 /* Frameworks */,
				6694B5992A2F660E00DEDAC9 /* Resources */,
			);
			buildRules = (
			);
			dependencies = (
			);
			name = NavigationTutorial;
			productName = NavigationTutorial;
			productReference = 6694B59B2A2F660E00DEDAC9 /* NavigationTutorial.app */;
			productType = "com.apple.product-type.application";
		};
		6694B5B02A2F661100DEDAC9 /* NavigationTutorialTests */ = {
			isa = PBXNativeTarget;
			buildConfigurationList = 6694B5C82A2F661100DEDAC9 /* Build configuration list for PBXNativeTarget "NavigationTutorialTests" */;
			buildPhases = (
				6694B5AD2A2F661100DEDAC9 /* Sources */,
				6694B5AE2A2F661100DEDAC9 /* Frameworks */,
				6694B5AF2A2F661100DEDAC9 /* Resources */,
			);
			buildRules = (
			);
			dependencies = (
				6694B5B32A2F661100DEDAC9 /* PBXTargetDependency */,
			);
			name = NavigationTutorialTests;
			productName = NavigationTutorialTests;
			productReference = 6694B5B12A2F661100DEDAC9 /* NavigationTutorialTests.xctest */;
			productType = "com.apple.product-type.bundle.unit-test";
		};
		6694B5BA2A2F661100DEDAC9 /* NavigationTutorialUITests */ = {
			isa = PBXNativeTarget;
			buildConfigurationList = 6694B5CB2A2F661100DEDAC9 /* Build configuration list for PBXNativeTarget "NavigationTutorialUITests" */;
			buildPhases = (
				6694B5B72A2F661100DEDAC9 /* Sources */,
				6694B5B82A2F661100DEDAC9 /* Frameworks */,
				6694B5B92A2F661100DEDAC9 /* Resources */,
			);
			buildRules = (
			);
			dependencies = (
				6694B5BD2A2F661100DEDAC9 /* PBXTargetDependency */,
			);
			name = NavigationTutorialUITests;
			productName = NavigationTutorialUITests;
			productReference = 6694B5BB2A2F661100DEDAC9 /* NavigationTutorialUITests.xctest */;
			productType = "com.apple.product-type.bundle.ui-testing";
		};
/* End PBXNativeTarget section */

/* Begin PBXProject section */
		6694B5932A2F660E00DEDAC9 /* Project object */ = {
			isa = PBXProject;
			attributes = {
				BuildIndependentTargetsInParallel = 1;
				LastSwiftUpdateCheck = 1400;
				LastUpgradeCheck = 1400;
				TargetAttributes = {
					6694B59A2A2F660E00DEDAC9 = {
						CreatedOnToolsVersion = 14.0.1;
					};
					6694B5B02A2F661100DEDAC9 = {
						CreatedOnToolsVersion = 14.0.1;
						TestTargetID = 6694B59A2A2F660E00DEDAC9;
					};
					6694B5BA2A2F661100DEDAC9 = {
						CreatedOnToolsVersion = 14.0.1;
						TestTargetID = 6694B59A2A2F660E00DEDAC9;
					};
				};
			};
			buildConfigurationList = 6694B5962A2F660E00DEDAC9 /* Build configuration list for PBXProject "NavigationTutorial" */;
			compatibilityVersion = "Xcode 14.0";
			developmentRegion = en;
			hasScannedForEncodings = 0;
			knownRegions = (
				en,
				Base,
			);
			mainGroup = 6694B5922A2F660E00DEDAC9;
			productRefGroup = 6694B59C2A2F660E00DEDAC9 /* Products */;
			projectDirPath = "";
			projectRoot = "";
			targets = (
				6694B59A2A2F660E00DEDAC9 /* NavigationTutorial */,
				6694B5B02A2F661100DEDAC9 /* NavigationTutorialTests */,
				6694B5BA2A2F661100DEDAC9 /* NavigationTutorialUITests */,
			);
		};
/* End PBXProject section */

/* Begin PBXResourcesBuildPhase section */
		6694B5992A2F660E00DEDAC9 /* Resources */ = {
			isa = PBXResourcesBuildPhase;
			buildActionMask = 2147483647;
			files = (
				6694B5AC2A2F661000DEDAC9 /* Preview Assets.xcassets in Resources */,
				6694B5A82A2F661000DEDAC9 /* Assets.xcassets in Resources */,
			);
			runOnlyForDeploymentPostprocessing = 0;
		};
		6694B5AF2A2F661100DEDAC9 /* Resources */ = {
			isa = PBXResourcesBuildPhase;
			buildActionMask = 2147483647;
			files = (
			);
			runOnlyForDeploymentPostprocessing = 0;
		};
		6694B5B92A2F661100DEDAC9 /* Resources */ = {
			isa = PBXResourcesBuildPhase;
			buildActionMask = 2147483647;
			files = (
			);
			runOnlyForDeploymentPostprocessing = 0;
		};
/* End PBXResourcesBuildPhase section */

/* Begin PBXSourcesBuildPhase section */
		6694B5972A2F660E00DEDAC9 /* Sources */ = {
			isa = PBXSourcesBuildPhase;
			buildActionMask = 2147483647;
			files = (
				6694B59F2A2F660E00DEDAC9 /* NavigationTutorialApp.swift in Sources */,
				6694B5A12A2F660E00DEDAC9 /* Persistence.swift in Sources */,
				6694B5A62A2F660E00DEDAC9 /* ContentView.swift in Sources */,
				6694B5A42A2F660E00DEDAC9 /* NavigationTutorial.xcdatamodeld in Sources */,
			);
			runOnlyForDeploymentPostprocessing = 0;
		};
		6694B5AD2A2F661100DEDAC9 /* Sources */ = {
			isa = PBXSourcesBuildPhase;
			buildActionMask = 2147483647;
			files = (
				6694B5B62A2F661100DEDAC9 /* NavigationTutorialTests.swift in Sources */,
			);
			runOnlyForDeploymentPostprocessing = 0;
		};
		6694B5B72A2F661100DEDAC9 /* Sources */ = {
			isa = PBXSourcesBuildPhase;
			buildActionMask = 2147483647;
			files = (
				6694B5C22A2F661100DEDAC9 /* NavigationTutorialUITestsLaunchTests.swift in Sources */,
				6694B5C02A2F661100DEDAC9 /* NavigationTutorialUITests.swift in Sources */,
			);
			runOnlyForDeploymentPostprocessing = 0;
		};
/* End PBXSourcesBuildPhase section */

/* Begin PBXTargetDependency section */
		6694B5B32A2F661100DEDAC9 /* PBXTargetDependency */ = {
			isa = PBXTargetDependency;
			target = 6694B59A2A2F660E00DEDAC9 /* NavigationTutorial */;
			targetProxy = 6694B5B22A2F661100DEDAC9 /* PBXContainerItemProxy */;
		};
		6694B5BD2A2F661100DEDAC9 /* PBXTargetDependency */ = {
			isa = PBXTargetDependency;
			target = 6694B59A2A2F660E00DEDAC9 /* NavigationTutorial */;
			targetProxy = 6694B5BC2A2F661100DEDAC9 /* PBXContainerItemProxy */;
		};
/* End PBXTargetDependency section */

/* Begin XCBuildConfiguration section */
		6694B5C32A2F661100DEDAC9 /* Debug */ = {
			isa = XCBuildConfiguration;
			buildSettings = {
				ALWAYS_SEARCH_USER_PATHS = NO;
				CLANG_ANALYZER_NONNULL = YES;
				CLANG_ANALYZER_NUMBER_OBJECT_CONVERSION = YES_AGGRESSIVE;
				CLANG_CXX_LANGUAGE_STANDARD = "gnu++20";
				CLANG_ENABLE_MODULES = YES;
				CLANG_ENABLE_OBJC_ARC = YES;
				CLANG_ENABLE_OBJC_WEAK = YES;
				CLANG_WARN_BLOCK_CAPTURE_AUTORELEASING = YES;
				CLANG_WARN_BOOL_CONVERSION = YES;
				CLANG_WARN_COMMA = YES;
				CLANG_WARN_CONSTANT_CONVERSION = YES;
				CLANG_WARN_DEPRECATED_OBJC_IMPLEMENTATIONS = YES;
				CLANG_WARN_DIRECT_OBJC_ISA_USAGE = YES_ERROR;
				CLANG_WARN_DOCUMENTATION_COMMENTS = YES;
				CLANG_WARN_EMPTY_BODY = YES;
				CLANG_WARN_ENUM_CONVERSION = YES;
				CLANG_WARN_INFINITE_RECURSION = YES;
				CLANG_WARN_INT_CONVERSION = YES;
				CLANG_WARN_NON_LITERAL_NULL_CONVERSION = YES;
				CLANG_WARN_OBJC_IMPLICIT_RETAIN_SELF = YES;
				CLANG_WARN_OBJC_LITERAL_CONVERSION = YES;
				CLANG_WARN_OBJC_ROOT_CLASS = YES_ERROR;
				CLANG_WARN_QUOTED_INCLUDE_IN_FRAMEWORK_HEADER = YES;
				CLANG_WARN_RANGE_LOOP_ANALYSIS = YES;
				CLANG_WARN_STRICT_PROTOTYPES = YES;
				CLANG_WARN_SUSPICIOUS_MOVE = YES;
				CLANG_WARN_UNGUARDED_AVAILABILITY = YES_AGGRESSIVE;
				CLANG_WARN_UNREACHABLE_CODE = YES;
				CLANG_WARN__DUPLICATE_METHOD_MATCH = YES;
				COPY_PHASE_STRIP = NO;
				DEBUG_INFORMATION_FORMAT = dwarf;
				ENABLE_STRICT_OBJC_MSGSEND = YES;
				ENABLE_TESTABILITY = YES;
				GCC_C_LANGUAGE_STANDARD = gnu11;
				GCC_DYNAMIC_NO_PIC = NO;
				GCC_NO_COMMON_BLOCKS = YES;
				GCC_OPTIMIZATION_LEVEL = 0;
				GCC_PREPROCESSOR_DEFINITIONS = (
					"DEBUG=1",
					"$(inherited)",
				);
				GCC_WARN_64_TO_32_BIT_CONVERSION = YES;
				GCC_WARN_ABOUT_RETURN_TYPE = YES_ERROR;
				GCC_WARN_UNDECLARED_SELECTOR = YES;
				GCC_WARN_UNINITIALIZED_AUTOS = YES_AGGRESSIVE;
				GCC_WARN_UNUSED_FUNCTION = YES;
				GCC_WARN_UNUSED_VARIABLE = YES;
				MTL_ENABLE_DEBUG_INFO = INCLUDE_SOURCE;
				MTL_FAST_MATH = YES;
				ONLY_ACTIVE_ARCH = YES;
				SWIFT_ACTIVE_COMPILATION_CONDITIONS = DEBUG;
				SWIFT_OPTIMIZATION_LEVEL = "-Onone";
			};
			name = Debug;
		};
		6694B5C42A2F661100DEDAC9 /* Release */ = {
			isa = XCBuildConfiguration;
			buildSettings = {
				ALWAYS_SEARCH_USER_PATHS = NO;
				CLANG_ANALYZER_NONNULL = YES;
				CLANG_ANALYZER_NUMBER_OBJECT_CONVERSION = YES_AGGRESSIVE;
				CLANG_CXX_LANGUAGE_STANDARD = "gnu++20";
				CLANG_ENABLE_MODULES = YES;
				CLANG_ENABLE_OBJC_ARC = YES;
				CLANG_ENABLE_OBJC_WEAK = YES;
				CLANG_WARN_BLOCK_CAPTURE_AUTORELEASING = YES;
				CLANG_WARN_BOOL_CONVERSION = YES;
				CLANG_WARN_COMMA = YES;
				CLANG_WARN_CONSTANT_CONVERSION = YES;
				CLANG_WARN_DEPRECATED_OBJC_IMPLEMENTATIONS = YES;
				CLANG_WARN_DIRECT_OBJC_ISA_USAGE = YES_ERROR;
				CLANG_WARN_DOCUMENTATION_COMMENTS = YES;
				CLANG_WARN_EMPTY_BODY = YES;
				CLANG_WARN_ENUM_CONVERSION = YES;
				CLANG_WARN_INFINITE_RECURSION = YES;
				CLANG_WARN_INT_CONVERSION = YES;
				CLANG_WARN_NON_LITERAL_NULL_CONVERSION = YES;
				CLANG_WARN_OBJC_IMPLICIT_RETAIN_SELF = YES;
				CLANG_WARN_OBJC_LITERAL_CONVERSION = YES;
				CLANG_WARN_OBJC_ROOT_CLASS = YES_ERROR;
				CLANG_WARN_QUOTED_INCLUDE_IN_FRAMEWORK_HEADER = YES;
				CLANG_WARN_RANGE_LOOP_ANALYSIS = YES;
				CLANG_WARN_STRICT_PROTOTYPES = YES;
				CLANG_WARN_SUSPICIOUS_MOVE = YES;
				CLANG_WARN_UNGUARDED_AVAILABILITY = YES_AGGRESSIVE;
				CLANG_WARN_UNREACHABLE_CODE = YES;
				CLANG_WARN__DUPLICATE_METHOD_MATCH = YES;
				COPY_PHASE_STRIP = NO;
				DEBUG_INFORMATION_FORMAT = "dwarf-with-dsym";
				ENABLE_NS_ASSERTIONS = NO;
				ENABLE_STRICT_OBJC_MSGSEND = YES;
				GCC_C_LANGUAGE_STANDARD = gnu11;
				GCC_NO_COMMON_BLOCKS = YES;
				GCC_WARN_64_TO_32_BIT_CONVERSION = YES;
				GCC_WARN_ABOUT_RETURN_TYPE = YES_ERROR;
				GCC_WARN_UNDECLARED_SELECTOR = YES;
				GCC_WARN_UNINITIALIZED_AUTOS = YES_AGGRESSIVE;
				GCC_WARN_UNUSED_FUNCTION = YES;
				GCC_WARN_UNUSED_VARIABLE = YES;
				MTL_ENABLE_DEBUG_INFO = NO;
				MTL_FAST_MATH = YES;
				SWIFT_COMPILATION_MODE = wholemodule;
				SWIFT_OPTIMIZATION_LEVEL = "-O";
			};
			name = Release;
		};
		6694B5C62A2F661100DEDAC9 /* Debug */ = {
			isa = XCBuildConfiguration;
			buildSettings = {
				ASSETCATALOG_COMPILER_APPICON_NAME = AppIcon;
				ASSETCATALOG_COMPILER_GLOBAL_ACCENT_COLOR_NAME = AccentColor;
				CODE_SIGN_ENTITLEMENTS = NavigationTutorial/NavigationTutorial.entitlements;
				CODE_SIGN_STYLE = Automatic;
				CURRENT_PROJECT_VERSION = 1;
				DEVELOPMENT_ASSET_PATHS = "\"NavigationTutorial/Preview Content\"";
				DEVELOPMENT_TEAM = QHNXY85LKN;
				ENABLE_HARDENED_RUNTIME = YES;
				ENABLE_PREVIEWS = YES;
				GENERATE_INFOPLIST_FILE = YES;
				"INFOPLIST_KEY_UIApplicationSceneManifest_Generation[sdk=iphoneos*]" = YES;
				"INFOPLIST_KEY_UIApplicationSceneManifest_Generation[sdk=iphonesimulator*]" = YES;
				"INFOPLIST_KEY_UIApplicationSupportsIndirectInputEvents[sdk=iphoneos*]" = YES;
				"INFOPLIST_KEY_UIApplicationSupportsIndirectInputEvents[sdk=iphonesimulator*]" = YES;
				"INFOPLIST_KEY_UILaunchScreen_Generation[sdk=iphoneos*]" = YES;
				"INFOPLIST_KEY_UILaunchScreen_Generation[sdk=iphonesimulator*]" = YES;
				"INFOPLIST_KEY_UIStatusBarStyle[sdk=iphoneos*]" = UIStatusBarStyleDefault;
				"INFOPLIST_KEY_UIStatusBarStyle[sdk=iphonesimulator*]" = UIStatusBarStyleDefault;
				INFOPLIST_KEY_UISupportedInterfaceOrientations_iPad = "UIInterfaceOrientationPortrait UIInterfaceOrientationPortraitUpsideDown UIInterfaceOrientationLandscapeLeft UIInterfaceOrientationLandscapeRight";
				INFOPLIST_KEY_UISupportedInterfaceOrientations_iPhone = "UIInterfaceOrientationPortrait UIInterfaceOrientationLandscapeLeft UIInterfaceOrientationLandscapeRight";
				IPHONEOS_DEPLOYMENT_TARGET = 16.0;
				LD_RUNPATH_SEARCH_PATHS = "@executable_path/Frameworks";
				"LD_RUNPATH_SEARCH_PATHS[sdk=macosx*]" = "@executable_path/../Frameworks";
				MACOSX_DEPLOYMENT_TARGET = 12.3;
				MARKETING_VERSION = 1.0;
				PRODUCT_BUNDLE_IDENTIFIER = xdyeama.NavigationTutorial;
				PRODUCT_NAME = "$(TARGET_NAME)";
				SDKROOT = auto;
				SUPPORTED_PLATFORMS = "iphoneos iphonesimulator macosx";
				SWIFT_EMIT_LOC_STRINGS = YES;
				SWIFT_VERSION = 5.0;
				TARGETED_DEVICE_FAMILY = "1,2";
			};
			name = Debug;
		};
		6694B5C72A2F661100DEDAC9 /* Release */ = {
			isa = XCBuildConfiguration;
			buildSettings = {
				ASSETCATALOG_COMPILER_APPICON_NAME = AppIcon;
				ASSETCATALOG_COMPILER_GLOBAL_ACCENT_COLOR_NAME = AccentColor;
				CODE_SIGN_ENTITLEMENTS = NavigationTutorial/NavigationTutorial.entitlements;
				CODE_SIGN_STYLE = Automatic;
				CURRENT_PROJECT_VERSION = 1;
				DEVELOPMENT_ASSET_PATHS = "\"NavigationTutorial/Preview Content\"";
				DEVELOPMENT_TEAM = QHNXY85LKN;
				ENABLE_HARDENED_RUNTIME = YES;
				ENABLE_PREVIEWS = YES;
				GENERATE_INFOPLIST_FILE = YES;
				"INFOPLIST_KEY_UIApplicationSceneManifest_Generation[sdk=iphoneos*]" = YES;
				"INFOPLIST_KEY_UIApplicationSceneManifest_Generation[sdk=iphonesimulator*]" = YES;
				"INFOPLIST_KEY_UIApplicationSupportsIndirectInputEvents[sdk=iphoneos*]" = YES;
				"INFOPLIST_KEY_UIApplicationSupportsIndirectInputEvents[sdk=iphonesimulator*]" = YES;
				"INFOPLIST_KEY_UILaunchScreen_Generation[sdk=iphoneos*]" = YES;
				"INFOPLIST_KEY_UILaunchScreen_Generation[sdk=iphonesimulator*]" = YES;
				"INFOPLIST_KEY_UIStatusBarStyle[sdk=iphoneos*]" = UIStatusBarStyleDefault;
				"INFOPLIST_KEY_UIStatusBarStyle[sdk=iphonesimulator*]" = UIStatusBarStyleDefault;
				INFOPLIST_KEY_UISupportedInterfaceOrientations_iPad = "UIInterfaceOrientationPortrait UIInterfaceOrientationPortraitUpsideDown UIInterfaceOrientationLandscapeLeft UIInterfaceOrientationLandscapeRight";
				INFOPLIST_KEY_UISupportedInterfaceOrientations_iPhone = "UIInterfaceOrientationPortrait UIInterfaceOrientationLandscapeLeft UIInterfaceOrientationLandscapeRight";
				IPHONEOS_DEPLOYMENT_TARGET = 16.0;
				LD_RUNPATH_SEARCH_PATHS = "@executable_path/Frameworks";
				"LD_RUNPATH_SEARCH_PATHS[sdk=macosx*]" = "@executable_path/../Frameworks";
				MACOSX_DEPLOYMENT_TARGET = 12.3;
				MARKETING_VERSION = 1.0;
				PRODUCT_BUNDLE_IDENTIFIER = xdyeama.NavigationTutorial;
				PRODUCT_NAME = "$(TARGET_NAME)";
				SDKROOT = auto;
				SUPPORTED_PLATFORMS = "iphoneos iphonesimulator macosx";
				SWIFT_EMIT_LOC_STRINGS = YES;
				SWIFT_VERSION = 5.0;
				TARGETED_DEVICE_FAMILY = "1,2";
			};
			name = Release;
		};
		6694B5C92A2F661100DEDAC9 /* Debug */ = {
			isa = XCBuildConfiguration;
			buildSettings = {
				ALWAYS_EMBED_SWIFT_STANDARD_LIBRARIES = YES;
				BUNDLE_LOADER = "$(TEST_HOST)";
				CODE_SIGN_STYLE = Automatic;
				CURRENT_PROJECT_VERSION = 1;
				DEVELOPMENT_TEAM = QHNXY85LKN;
				GENERATE_INFOPLIST_FILE = YES;
				IPHONEOS_DEPLOYMENT_TARGET = 16.0;
				MACOSX_DEPLOYMENT_TARGET = 12.3;
				MARKETING_VERSION = 1.0;
				PRODUCT_BUNDLE_IDENTIFIER = xdyeama.NavigationTutorialTests;
				PRODUCT_NAME = "$(TARGET_NAME)";
				SDKROOT = auto;
				SUPPORTED_PLATFORMS = "iphoneos iphonesimulator macosx";
				SWIFT_EMIT_LOC_STRINGS = NO;
				SWIFT_VERSION = 5.0;
				TARGETED_DEVICE_FAMILY = "1,2";
				TEST_HOST = "$(BUILT_PRODUCTS_DIR)/NavigationTutorial.app/$(BUNDLE_EXECUTABLE_FOLDER_PATH)/NavigationTutorial";
			};
			name = Debug;
		};
		6694B5CA2A2F661100DEDAC9 /* Release */ = {
			isa = XCBuildConfiguration;
			buildSettings = {
				ALWAYS_EMBED_SWIFT_STANDARD_LIBRARIES = YES;
				BUNDLE_LOADER = "$(TEST_HOST)";
				CODE_SIGN_STYLE = Automatic;
				CURRENT_PROJECT_VERSION = 1;
				DEVELOPMENT_TEAM = QHNXY85LKN;
				GENERATE_INFOPLIST_FILE = YES;
				IPHONEOS_DEPLOYMENT_TARGET = 16.0;
				MACOSX_DEPLOYMENT_TARGET = 12.3;
				MARKETING_VERSION = 1.0;
				PRODUCT_BUNDLE_IDENTIFIER = xdyeama.NavigationTutorialTests;
				PRODUCT_NAME = "$(TARGET_NAME)";
				SDKROOT = auto;
				SUPPORTED_PLATFORMS = "iphoneos iphonesimulator macosx";
				SWIFT_EMIT_LOC_STRINGS = NO;
				SWIFT_VERSION = 5.0;
				TARGETED_DEVICE_FAMILY = "1,2";
				TEST_HOST = "$(BUILT_PRODUCTS_DIR)/NavigationTutorial.app/$(BUNDLE_EXECUTABLE_FOLDER_PATH)/NavigationTutorial";
			};
			name = Release;
		};
		6694B5CC2A2F661100DEDAC9 /* Debug */ = {
			isa = XCBuildConfiguration;
			buildSettings = {
				ALWAYS_EMBED_SWIFT_STANDARD_LIBRARIES = YES;
				CODE_SIGN_STYLE = Automatic;
				CURRENT_PROJECT_VERSION = 1;
				DEVELOPMENT_TEAM = QHNXY85LKN;
				GENERATE_INFOPLIST_FILE = YES;
				IPHONEOS_DEPLOYMENT_TARGET = 16.0;
				MACOSX_DEPLOYMENT_TARGET = 12.3;
				MARKETING_VERSION = 1.0;
				PRODUCT_BUNDLE_IDENTIFIER = xdyeama.NavigationTutorialUITests;
				PRODUCT_NAME = "$(TARGET_NAME)";
				SDKROOT = auto;
				SUPPORTED_PLATFORMS = "iphoneos iphonesimulator macosx";
				SWIFT_EMIT_LOC_STRINGS = NO;
				SWIFT_VERSION = 5.0;
				TARGETED_DEVICE_FAMILY = "1,2";
				TEST_TARGET_NAME = NavigationTutorial;
			};
			name = Debug;
		};
		6694B5CD2A2F661100DEDAC9 /* Release */ = {
			isa = XCBuildConfiguration;
			buildSettings = {
				ALWAYS_EMBED_SWIFT_STANDARD_LIBRARIES = YES;
				CODE_SIGN_STYLE = Automatic;
				CURRENT_PROJECT_VERSION = 1;
				DEVELOPMENT_TEAM = QHNXY85LKN;
				GENERATE_INFOPLIST_FILE = YES;
				IPHONEOS_DEPLOYMENT_TARGET = 16.0;
				MACOSX_DEPLOYMENT_TARGET = 12.3;
				MARKETING_VERSION = 1.0;
				PRODUCT_BUNDLE_IDENTIFIER = xdyeama.NavigationTutorialUITests;
				PRODUCT_NAME = "$(TARGET_NAME)";
				SDKROOT = auto;
				SUPPORTED_PLATFORMS = "iphoneos iphonesimulator macosx";
				SWIFT_EMIT_LOC_STRINGS = NO;
				SWIFT_VERSION = 5.0;
				TARGETED_DEVICE_FAMILY = "1,2";
				TEST_TARGET_NAME = NavigationTutorial;
			};
			name = Release;
		};
/* End XCBuildConfiguration section */

/* Begin XCConfigurationList section */
		6694B5962A2F660E00DEDAC9 /* Build configuration list for PBXProject "NavigationTutorial" */ = {
			isa = XCConfigurationList;
			buildConfigurations = (
				6694B5C32A2F661100DEDAC9 /* Debug */,
				6694B5C42A2F661100DEDAC9 /* Release */,
			);
			defaultConfigurationIsVisible = 0;
			defaultConfigurationName = Release;
		};
		6694B5C52A2F661100DEDAC9 /* Build configuration list for PBXNativeTarget "NavigationTutorial" */ = {
			isa = XCConfigurationList;
			buildConfigurations = (
				6694B5C62A2F661100DEDAC9 /* Debug */,
				6694B5C72A2F661100DEDAC9 /* Release */,
			);
			defaultConfigurationIsVisible = 0;
			defaultConfigurationName = Release;
		};
		6694B5C82A2F661100DEDAC9 /* Build configuration list for PBXNativeTarget "NavigationTutorialTests" */ = {
			isa = XCConfigurationList;
			buildConfigurations = (
				6694B5C92A2F661100DEDAC9 /* Debug */,
				6694B5CA2A2F661100DEDAC9 /* Release */,
			);
			defaultConfigurationIsVisible = 0;
			defaultConfigurationName = Release;
		};
		6694B5CB2A2F661100DEDAC9 /* Build configuration list for PBXNativeTarget "NavigationTutorialUITests" */ = {
			isa = XCConfigurationList;
			buildConfigurations = (
				6694B5CC2A2F661100DEDAC9 /* Debug */,
				6694B5CD2A2F661100DEDAC9 /* Release */,
			);
			defaultConfigurationIsVisible = 0;
			defaultConfigurationName = Release;
		};
/* End XCConfigurationList section */

/* Begin XCVersionGroup section */
		6694B5A22A2F660E00DEDAC9 /* NavigationTutorial.xcdatamodeld */ = {
			isa = XCVersionGroup;
			children = (
				6694B5A32A2F660E00DEDAC9 /* NavigationTutorial.xcdatamodel */,
			);
			currentVersion = 6694B5A32A2F660E00DEDAC9 /* NavigationTutorial.xcdatamodel */;
			path = NavigationTutorial.xcdatamodeld;
			sourceTree = "<group>";
			versionGroupType = wrapper.xcdatamodel;
		};
/* End XCVersionGroup section */
	};
	rootObject = 6694B5932A2F660E00DEDAC9 /* Project object */;
}
